
Microsoft Visual Studio Solution File, Format Version 12.00
# Visual Studio Version 16
VisualStudioVersion = 16.0.31911.196
MinimumVisualStudioVersion = 10.0.40219.1
Project("{9A19103F-16F7-4668-BE54-9A1E7A4F7556}") = "Task 6-2", "Task 6-2.csproj", "{0CE7F309-6939-4ABF-ADBC-C93F59C040FB}"
EndProject
Global
	GlobalSection(SolutionConfigurationPlatforms) = preSolution
		Debug|Any CPU = Debug|Any CPU
		Release|Any CPU = Release|Any CPU
	EndGlobalSection
	GlobalSection(ProjectConfigurationPlatforms) = postSolution
		{0CE7F309-6939-4ABF-ADBC-C93F59C040FB}.Debug|Any CPU.ActiveCfg = Debug|Any CPU
		{0CE7F309-6939-4ABF-ADBC-C93F59C040FB}.Debug|Any CPU.Build.0 = Debug|Any CPU
		{0CE7F309-6939-4ABF-ADBC-C93F59C040FB}.Release|Any CPU.ActiveCfg = Release|Any CPU
		{0CE7F309-6939-4ABF-ADBC-C93F59C040FB}.Release|Any CPU.Build.0 = Release|Any CPU
	EndGlobalSection
	GlobalSection(SolutionProperties) = preSolution
		HideSolutionNode = FALSE
	EndGlobalSection
	GlobalSection(ExtensibilityGlobals) = postSolution
		SolutionGuid = {02B1FCCB-0D7A-448D-A732-F433B6FE1B0B}
	EndGlobalSection
EndGlobal
